
Microsoft Visual Studio Solution File, Format Version 12.00
# Visual Studio Version 16
VisualStudioVersion = 16.0.32802.440
MinimumVisualStudioVersion = 10.0.40219.1
Project("{FAE04EC0-301F-11D3-BF4B-00C04F79EFBC}") = "MarshallsRevenue", "MarshallsRevenue.csproj", "{92EF2938-7D54-432D-BCC5-568FCA8104E2}"
EndProject
Global
	GlobalSection(SolutionConfigurationPlatforms) = preSolution
		Debug|Any CPU = Debug|Any CPU
		Release|Any CPU = Release|Any CPU
	EndGlobalSection
	GlobalSection(ProjectConfigurationPlatforms) = postSolution
		{92EF2938-7D54-432D-BCC5-568FCA8104E2}.Debug|Any CPU.ActiveCfg = Debug|Any CPU
		{92EF2938-7D54-432D-BCC5-568FCA8104E2}.Debug|Any CPU.Build.0 = Debug|Any CPU
		{92EF2938-7D54-432D-BCC5-568FCA8104E2}.Release|Any CPU.ActiveCfg = Release|Any CPU
		{92EF2938-7D54-432D-BCC5-568FCA8104E2}.Release|Any CPU.Build.0 = Release|Any CPU
	EndGlobalSection
	GlobalSection(SolutionProperties) = preSolution
		HideSolutionNode = FALSE
	EndGlobalSection
	GlobalSection(ExtensibilityGlobals) = postSolution
		SolutionGuid = {6A976B78-74F3-4B00-9601-D1A73AEC39B7}
	EndGlobalSection
EndGlobal
